
Microsoft Visual Studio Solution File, Format Version 12.00
# Visual Studio Version 16
VisualStudioVersion = 16.0.30011.22
MinimumVisualStudioVersion = 10.0.40219.1
Project("{FAE04EC0-301F-11D3-BF4B-00C04F79EFBC}") = "S_In_Solid", "S_In_Solid\S_In_Solid.csproj", "{185AD226-FE48-471C-BBED-D8216BED9046}"
EndProject
Global
	GlobalSection(SolutionConfigurationPlatforms) = preSolution
		Debug|Any CPU = Debug|Any CPU
		Release|Any CPU = Release|Any CPU
	EndGlobalSection
	GlobalSection(ProjectConfigurationPlatforms) = postSolution
		{185AD226-FE48-471C-BBED-D8216BED9046}.Debug|Any CPU.ActiveCfg = Debug|Any CPU
		{185AD226-FE48-471C-BBED-D8216BED9046}.Debug|Any CPU.Build.0 = Debug|Any CPU
		{185AD226-FE48-471C-BBED-D8216BED9046}.Release|Any CPU.ActiveCfg = Release|Any CPU
		{185AD226-FE48-471C-BBED-D8216BED9046}.Release|Any CPU.Build.0 = Release|Any CPU
	EndGlobalSection
	GlobalSection(SolutionProperties) = preSolution
		HideSolutionNode = FALSE
	EndGlobalSection
	GlobalSection(ExtensibilityGlobals) = postSolution
		SolutionGuid = {5691A8EE-6F00-4826-9A4A-2D3EACAA7B83}
	EndGlobalSection
EndGlobal
